<?xml version="1.0" encoding="utf-8"?>
<Project ToolsVersion="4.0" xmlns="http://schemas.microsoft.com/developer/msbuild/2003">
  <ItemGroup>
    <Filter Include="Source Files">
      <UniqueIdentifier>{4FC737F1-C7A5-4376-A066-2A32D752A2FF}</UniqueIdentifier>
      <Extensions>cpp;c;cc;cxx;def;odl;idl;hpj;bat;asm;asmx</Extensions>
    </Filter>
    <Filter Include="Header Files">
      <UniqueIdentifier>{93995380-89BD-4b04-88EB-625FBE52EBFB}</UniqueIdentifier>
      <Extensions>h;hh;hpp;hxx;hm;inl;inc;xsd</Extensions>
    </Filter>
    <Filter Include="Resource Files">
      <UniqueIdentifier>{67DA6AB6-F800-4c08-8B7A-83BB121AAD01}</UniqueIdentifier>
      <Extensions>rc;ico;cur;bmp;dlg;rc2;rct;bin;rgs;gif;jpg;jpeg;jpe;resx;tiff;tif;png;wav;mfcribbon-ms</Extensions>
    </Filter>
    <Filter Include="Header Files\Config">
      <UniqueIdentifier>{407a69d6-eaaf-43ec-8769-a797a550d8de}</UniqueIdentifier>
    </Filter>
    <Filter Include="Header Files\MQTT">
      <UniqueIdentifier>{5d2ad8a7-472b-48e4-ab43-f575ecf4dd3a}</UniqueIdentifier>
    </Filter>
    <Filter Include="Header Files\Network">
      <UniqueIdentifier>{4f150082-4e86-4aef-bfe6-8e5eebfd27b6}</UniqueIdentifier>
    </Filter>
    <Filter Include="Header Files\MQTT\Devices">
      <UniqueIdentifier>{d2db3fe6-53cc-41d0-bbf9-344216d9d804}</UniqueIdentifier>
    </Filter>
    <Filter Include="Header Files\MQTT\Devices\Sensors">
      <UniqueIdentifier>{b7c64801-7fe8-4a39-98cb-48a5ada27b23}</UniqueIdentifier>
    </Filter>
    <Filter Include="Header Files\MQTT\Devices\BinarySensors">
      <UniqueIdentifier>{7a1f191f-8608-4f82-bc5b-ec0c95e86384}</UniqueIdentifier>
    </Filter>
    <Filter Include="Header Files\MQTT\Devices\Switches">
      <UniqueIdentifier>{068170ad-5364-4f71-9f54-caf55a35ac32}</UniqueIdentifier>
    </Filter>
    <Filter Include="Header Files\MQTT\Devices\Lights">
      <UniqueIdentifier>{907fb8a9-d605-4c8b-a894-f34c0c74a5cb}</UniqueIdentifier>
    </Filter>
    <Filter Include="Header Files\MQTT\Devices\Buttons">
      <UniqueIdentifier>{f6033786-fefd-49c7-82a6-60d1e0749620}</UniqueIdentifier>
    </Filter>
    <Filter Include="Header Files\MQTT\Devices\BinarySensors\LLC200D3SH">
      <UniqueIdentifier>{0ad020e5-90e9-4f47-8b21-83054c1b804a}</UniqueIdentifier>
    </Filter>
    <Filter Include="Header Files\MQTT\Devices\Sensors\SCD4X">
      <UniqueIdentifier>{e4467eec-8350-4867-9b12-774a9593209f}</UniqueIdentifier>
    </Filter>
    <Filter Include="Header Files\MQTT\Devices\Sensors\SHT4X">
      <UniqueIdentifier>{ddf2f531-09fd-4973-bb80-f144116d5cf7}</UniqueIdentifier>
    </Filter>
    <Filter Include="Source Files\MQTT">
      <UniqueIdentifier>{9012ade5-121f-450d-98e3-a7b456d07a9b}</UniqueIdentifier>
    </Filter>
    <Filter Include="Source Files\Network">
      <UniqueIdentifier>{5412d5bf-888c-4ab2-90f0-bc3b82f45962}</UniqueIdentifier>
    </Filter>
    <Filter Include="Source Files\MQTT\Devices">
      <UniqueIdentifier>{8a83c537-92f6-468b-b8f2-c16ee24eba29}</UniqueIdentifier>
    </Filter>
    <Filter Include="Source Files\MQTT\Devices\Sensors">
      <UniqueIdentifier>{ddcbb62b-50e6-4c20-b0ff-abe3e4d8d283}</UniqueIdentifier>
    </Filter>
    <Filter Include="Source Files\MQTT\Devices\BinarySensors">
      <UniqueIdentifier>{48d21e42-2092-4ca9-9a77-7e38fe41622d}</UniqueIdentifier>
    </Filter>
    <Filter Include="Source Files\MQTT\Devices\Switches">
      <UniqueIdentifier>{94be8f6d-5418-486a-8d1c-de8f0084ef97}</UniqueIdentifier>
    </Filter>
    <Filter Include="Source Files\MQTT\Devices\Lights">
      <UniqueIdentifier>{5fed273b-7f0c-4bfc-9e16-b203e4f6ba13}</UniqueIdentifier>
    </Filter>
    <Filter Include="Source Files\MQTT\Devices\Buttons">
      <UniqueIdentifier>{7a7b273f-1374-423c-9caf-20269d5d40e2}</UniqueIdentifier>
    </Filter>
    <Filter Include="Source Files\MQTT\Devices\BinarySensors\LLC200D3SH">
      <UniqueIdentifier>{e7ad0e57-3e7a-4ec2-9171-43e49f1c9583}</UniqueIdentifier>
    </Filter>
    <Filter Include="Source Files\MQTT\Devices\Sensors\SHT4X">
      <UniqueIdentifier>{0fab4848-860c-4a18-bd4d-8246a0ee83d6}</UniqueIdentifier>
    </Filter>
    <Filter Include="Source Files\MQTT\Devices\Sensors\SCD4X">
      <UniqueIdentifier>{9377b012-5f75-45e7-afe6-bf6863d316f0}</UniqueIdentifier>
    </Filter>
    <Filter Include="Source Files\Config">
      <UniqueIdentifier>{7540a434-28b9-4252-b1aa-ef8effd7b8b1}</UniqueIdentifier>
    </Filter>
    <Filter Include="Header Files\Network\Website">
      <UniqueIdentifier>{0fd54171-6f04-445d-aa57-9bee9c656f09}</UniqueIdentifier>
    </Filter>
    <Filter Include="Header Files\Network\Server">
      <UniqueIdentifier>{d8b27a74-e093-4a85-a618-9313a5aa77b9}</UniqueIdentifier>
    </Filter>
    <Filter Include="Source Files\Network\Website">
      <UniqueIdentifier>{b9060afc-887a-4abd-b5ba-865962675418}</UniqueIdentifier>
    </Filter>
    <Filter Include="Source Files\Network\Server">
      <UniqueIdentifier>{eef3b1ae-d4f2-4ba6-a020-80c255ca55a3}</UniqueIdentifier>
    </Filter>
    <Filter Include="Header Files\Network\Website\Tools">
      <UniqueIdentifier>{4c0603f4-275c-45e0-8df6-9a8913c98c85}</UniqueIdentifier>
    </Filter>
    <Filter Include="Source Files\Network\Website\Tools">
      <UniqueIdentifier>{1cd49622-99ad-44df-b1b1-4d11ec0e5fd5}</UniqueIdentifier>
    </Filter>
  </ItemGroup>
  <ItemGroup>
    <None Include="ESP_Sense.ino" />
    <None Include="README.md" />
  </ItemGroup>
  <ItemGroup>
    <ClInclude Include="__vm\.esp_sense_assistant.vsarduino.h">
      <Filter>Header Files</Filter>
    </ClInclude>
    <ClInclude Include="src\ErrorCodes.h">
      <Filter>Header Files</Filter>
    </ClInclude>
    <ClInclude Include="EspSense.h">
      <Filter>Header Files</Filter>
    </ClInclude>
    <ClInclude Include="src\HelperFunctions.h">
      <Filter>Header Files</Filter>
    </ClInclude>
    <ClInclude Include="src\Config\config_master.h">
      <Filter>Header Files\Config</Filter>
    </ClInclude>
    <ClInclude Include="src\Network\Server\FtpManager.h">
      <Filter>Header Files\Network</Filter>
    </ClInclude>
    <ClInclude Include="src\Led_Controllable.h">
      <Filter>Header Files\MQTT\Devices\Lights</Filter>
    </ClInclude>
    <ClInclude Include="src\MQTT\Devices\BinarySensors\LLC200D3SH\LLC200D3SH_config.h">
      <Filter>Header Files\MQTT\Devices\BinarySensors\LLC200D3SH</Filter>
    </ClInclude>
    <ClInclude Include="src\Config\config_mqtt.h">
      <Filter>Header Files\Config</Filter>
    </ClInclude>
    <ClInclude Include="src\MQTT\Devices\MqttDeviceManager.h">
      <Filter>Header Files\MQTT\Devices</Filter>
    </ClInclude>
    <ClInclude Include="src\MQTT\MqttManager.h">
      <Filter>Header Files\MQTT</Filter>
    </ClInclude>
    <ClInclude Include="src\MQTT\Devices\BinarySensors\MqttBinarySensor.h">
      <Filter>Header Files\MQTT\Devices\BinarySensors</Filter>
    </ClInclude>
    <ClInclude Include="src\MQTT\Devices\Buttons\MqttButton.h">
      <Filter>Header Files\MQTT\Devices\Buttons</Filter>
    </ClInclude>
    <ClInclude Include="src\MQTT\Devices\MqttDevice.h">
      <Filter>Header Files\MQTT\Devices</Filter>
    </ClInclude>
    <ClInclude Include="src\MQTT\Devices\MqttDevice_Config.h">
      <Filter>Header Files\MQTT\Devices</Filter>
    </ClInclude>
    <ClInclude Include="src\MQTT\Devices\Lights\MqttLight.h">
      <Filter>Header Files\MQTT\Devices\Lights</Filter>
    </ClInclude>
    <ClInclude Include="src\MQTT\Devices\Sensors\MqttSensor.h">
      <Filter>Header Files\MQTT\Devices\Sensors</Filter>
    </ClInclude>
    <ClInclude Include="src\MQTT\Devices\Switches\MqttSwitch.h">
      <Filter>Header Files\MQTT\Devices\Switches</Filter>
    </ClInclude>
    <ClInclude Include="src\MQTT\Devices\Sensors\MqttSensor_Config.h">
      <Filter>Header Files\MQTT\Devices\Sensors</Filter>
    </ClInclude>
    <ClInclude Include="src\MQTT\Devices\Sensors\SCD4X\scd4x_config.h">
      <Filter>Header Files\MQTT\Devices\Sensors\SCD4X</Filter>
    </ClInclude>
    <ClInclude Include="src\MQTT\Devices\BinarySensors\LLC200D3SH\sensor_LLC200D3SH.h">
      <Filter>Header Files\MQTT\Devices\BinarySensors\LLC200D3SH</Filter>
    </ClInclude>
    <ClInclude Include="src\MQTT\Devices\Sensors\SCD4X\sensor_scd4x.h">
      <Filter>Header Files\MQTT\Devices\Sensors\SCD4X</Filter>
    </ClInclude>
    <ClInclude Include="src\MQTT\Devices\Sensors\SHT4X\sensor_sht4x.h">
      <Filter>Header Files\MQTT\Devices\Sensors\SHT4X</Filter>
    </ClInclude>
    <ClInclude Include="src\MQTT\Devices\Sensors\SHT4X\sht4x_config.h">
      <Filter>Header Files\MQTT\Devices\Sensors\SHT4X</Filter>
    </ClInclude>
    <ClInclude Include="src\MQTT\Devices\BinarySensors\MqttBinarySensor_Config.h">
      <Filter>Header Files\MQTT\Devices\BinarySensors</Filter>
    </ClInclude>
    <ClInclude Include="src\Config\ConfigManager.h">
      <Filter>Header Files\Config</Filter>
    </ClInclude>
    <ClInclude Include="src\MQTT\MqttTopicManager.h">
      <Filter>Header Files\MQTT</Filter>
    </ClInclude>
    <ClInclude Include="src\Macros.h">
      <Filter>Header Files</Filter>
    </ClInclude>
    <ClInclude Include="src\GlobalDefs.h">
      <Filter>Header Files</Filter>
    </ClInclude>
    <ClInclude Include="src\EspSenseValidation.h">
      <Filter>Header Files</Filter>
    </ClInclude>
    <ClInclude Include="src\CrcStream.h">
      <Filter>Header Files</Filter>
    </ClInclude>
    <ClInclude Include="src\FileManager.h">
      <Filter>Header Files</Filter>
    </ClInclude>
    <ClInclude Include="src\Network\Server\ServerManager.h">
      <Filter>Header Files\Network\Server</Filter>
    </ClInclude>
    <ClInclude Include="src\Network\Website\WebpageServer.h">
      <Filter>Header Files\Network\Website</Filter>
    </ClInclude>
    <ClInclude Include="src\Network\Website\WebsiteManager.h">
      <Filter>Header Files\Network\Website</Filter>
    </ClInclude>
    <ClInclude Include="src\Network\Website\WebStrings.h">
      <Filter>Header Files\Network\Website</Filter>
    </ClInclude>
    <ClInclude Include="src\Network\Website\WebUpdater.h">
      <Filter>Header Files\Network\Website</Filter>
    </ClInclude>
    <ClInclude Include="src\Network\WifiManager.h">
      <Filter>Header Files\Network\Website</Filter>
    </ClInclude>
    <ClInclude Include="src\Network\Website\WebConfigBrowser.h">
      <Filter>Header Files\Network\Website</Filter>
    </ClInclude>
    <ClInclude Include="src\Network\Website\WebConsole.h">
      <Filter>Header Files\Network\Website</Filter>
    </ClInclude>
    <ClInclude Include="src\Network\Website\Tools\WebFileEditor.h">
      <Filter>Header Files\Network\Website\Tools</Filter>
    </ClInclude>
    <ClInclude Include="src\Network\Website\Tools\WebJsonValidator.h">
      <Filter>Header Files\Network\Website\Tools</Filter>
    </ClInclude>
    <ClInclude Include="src\Network\OtaManager.h">
      <Filter>Header Files\Network</Filter>
    </ClInclude>
    <ClInclude Include="__vm\.ESP_Sense.vsarduino.h">
      <Filter>Header Files</Filter>
    </ClInclude>
    <ClInclude Include="src\JsonHelper.h">
      <Filter>Header Files</Filter>
    </ClInclude>
    <ClInclude Include="src\MQTT\MqttHelper.h">
      <Filter>Header Files\MQTT</Filter>
    </ClInclude>
  </ItemGroup>
  <ItemGroup>
    <Text Include="board.txt" />
    <Text Include="src\Config\readme.txt" />
    <Text Include="readme.txt" />
  </ItemGroup>
  <ItemGroup>
    <ClCompile Include="src\HelperFunctions.cpp">
      <Filter>Source Files</Filter>
    </ClCompile>
    <ClCompile Include="src\Network\Server\FtpManager.cpp">
      <Filter>Source Files\Network</Filter>
    </ClCompile>
    <ClCompile Include="src\Led_Controllable.cpp">
      <Filter>Source Files\MQTT\Devices\Lights</Filter>
    </ClCompile>
    <ClCompile Include="src\MQTT\Devices\MqttDeviceManager.cpp">
      <Filter>Source Files\MQTT\Devices</Filter>
    </ClCompile>
    <ClCompile Include="src\MQTT\MqttManager.cpp">
      <Filter>Source Files\MQTT</Filter>
    </ClCompile>
    <ClCompile Include="src\MQTT\Devices\MqttDevice.cpp">
      <Filter>Source Files\MQTT\Devices</Filter>
    </ClCompile>
    <ClCompile Include="src\MQTT\Devices\BinarySensors\LLC200D3SH\sensor_LLC200D3SH.cpp">
      <Filter>Source Files\MQTT\Devices\BinarySensors\LLC200D3SH</Filter>
    </ClCompile>
    <ClCompile Include="src\MQTT\Devices\Sensors\SCD4X\sensor_scd4x.cpp">
      <Filter>Source Files\MQTT\Devices\Sensors\SCD4X</Filter>
    </ClCompile>
    <ClCompile Include="src\MQTT\Devices\Sensors\SHT4X\sensor_sht4x.cpp">
      <Filter>Source Files\MQTT\Devices\Sensors\SHT4X</Filter>
    </ClCompile>
    <ClCompile Include="src\Config\ConfigManager.cpp">
      <Filter>Source Files\Config</Filter>
    </ClCompile>
    <ClCompile Include="src\MQTT\Devices\Sensors\MqttSensor.cpp">
      <Filter>Source Files\MQTT\Devices\Sensors</Filter>
    </ClCompile>
    <ClCompile Include="src\EspSenseValidation.cpp">
      <Filter>Source Files</Filter>
    </ClCompile>
    <ClCompile Include="src\CrcStream.cpp">
      <Filter>Source Files</Filter>
    </ClCompile>
    <ClCompile Include="src\FileManager.cpp">
      <Filter>Source Files</Filter>
    </ClCompile>
    <ClCompile Include="src\Network\Server\ServerManager.cpp">
      <Filter>Source Files\Network\Server</Filter>
    </ClCompile>
    <ClCompile Include="src\Network\Website\WebConfigBrowser.cpp">
      <Filter>Source Files\Network\Website</Filter>
    </ClCompile>
    <ClCompile Include="src\Network\Website\WebpageServer.cpp">
      <Filter>Source Files\Network\Website</Filter>
    </ClCompile>
    <ClCompile Include="src\Network\Website\WebsiteManager.cpp">
      <Filter>Source Files\Network\Website</Filter>
    </ClCompile>
    <ClCompile Include="src\Network\Website\WebUpdater.cpp">
      <Filter>Source Files\Network\Website</Filter>
    </ClCompile>
    <ClCompile Include="src\Network\WifiManager.cpp">
      <Filter>Source Files\Network\Website</Filter>
    </ClCompile>
    <ClCompile Include="src\Network\Website\WebConsole.cpp">
      <Filter>Source Files\Network\Website</Filter>
    </ClCompile>
    <ClCompile Include="src\Network\Website\Tools\WebFileEditor.cpp">
      <Filter>Source Files\Network\Website\Tools</Filter>
    </ClCompile>
    <ClCompile Include="src\Network\Website\Tools\WebJsonValidator.cpp">
      <Filter>Source Files\Network\Website\Tools</Filter>
    </ClCompile>
    <ClCompile Include="src\Network\OtaManager.cpp">
      <Filter>Source Files\Network</Filter>
    </ClCompile>
    <ClCompile Include="src\Network\Website\WebStrings.cpp">
      <Filter>Source Files\Network\Website</Filter>
    </ClCompile>
    <ClCompile Include="src\MQTT\MqttTopicManager.cpp">
      <Filter>Source Files\MQTT</Filter>
    </ClCompile>
    <ClCompile Include="src\JsonHelper.cpp">
      <Filter>Source Files</Filter>
    </ClCompile>
    <ClCompile Include="src\GlobalDefs.cpp">
      <Filter>Source Files</Filter>
    </ClCompile>
    <ClCompile Include="src\MQTT\MqttHelper.cpp">
      <Filter>Source Files\MQTT</Filter>
    </ClCompile>
    <ClCompile Include="src\MQTT\Devices\BinarySensors\MqttBinarySensor.cpp">
      <Filter>Source Files\MQTT\Devices\BinarySensors</Filter>
    </ClCompile>
  </ItemGroup>
</Project>